
Microsoft Visual Studio Solution File, Format Version 12.00
# Visual Studio 2012
Project("{FAE04EC0-301F-11D3-BF4B-00C04F79EFBC}") = "1차프로젝트_완성", "1차프로젝트_완성\1차프로젝트_완성.csproj", "{BE19B216-0CD5-4CDC-9768-6E674D40FFFC}"
EndProject
Global
	GlobalSection(SolutionConfigurationPlatforms) = preSolution
		Debug|Any CPU = Debug|Any CPU
		Release|Any CPU = Release|Any CPU
	EndGlobalSection
	GlobalSection(ProjectConfigurationPlatforms) = postSolution
		{BE19B216-0CD5-4CDC-9768-6E674D40FFFC}.Debug|Any CPU.ActiveCfg = Debug|Any CPU
		{BE19B216-0CD5-4CDC-9768-6E674D40FFFC}.Debug|Any CPU.Build.0 = Debug|Any CPU
		{BE19B216-0CD5-4CDC-9768-6E674D40FFFC}.Release|Any CPU.ActiveCfg = Release|Any CPU
		{BE19B216-0CD5-4CDC-9768-6E674D40FFFC}.Release|Any CPU.Build.0 = Release|Any CPU
	EndGlobalSection
	GlobalSection(SolutionProperties) = preSolution
		HideSolutionNode = FALSE
	EndGlobalSection
EndGlobal
